--- 
hash: 5bf69dbcdfd0a49d915b3f9a1173e49b2a3c08a5
sources: 
- Git: 
    git: git://github.com/jeffp/enumerated_attribute.git
    uri: git://github.com/jeffp/enumerated_attribute.git
    ref: 68a8b339892ae475b1d751eb58519e9736f94b76
- Rubygems: 
    uri: http://rubygems.org
specs: 
- rake: 
    version: 0.8.7
- abstract: 
    version: 1.0.0
- builder: 
    version: 2.1.2
- i18n: 
    version: 0.3.7
- memcache-client: 
    version: 1.8.5
- tzinfo: 
    version: 0.3.23
- activesupport: 
    version: 3.0.0.beta3
- activemodel: 
    version: 3.0.0.beta3
- erubis: 
    version: 2.6.6
- rack: 
    version: 1.1.0
- rack-mount: 
    version: 0.6.13
- rack-test: 
    version: 0.5.6
- actionpack: 
    version: 3.0.0.beta3
- mime-types: 
    version: "1.16"
- polyglot: 
    version: 0.3.1
- treetop: 
    version: 1.4.8
- mail: 
    version: 2.2.7
- text-hyphen: 
    version: 1.0.0
- text-format: 
    version: 1.0.0
- actionmailer: 
    version: 3.0.0.beta3
- arel: 
    version: 0.3.3
- activerecord: 
    version: 3.0.0.beta3
- activeresource: 
    version: 3.0.0.beta3
- bcrypt-ruby: 
    version: 2.1.2
- bundler: 
    version: 0.9.25
- warden: 
    version: 0.10.7
- devise: 
    version: 1.1.rc1
- meta_programming: 
    version: 0.2.2
- enumerated_attribute: 
    version: 0.2.16
    source: 0
- faker: 
    version: 0.3.1
- formtastic: 
    version: 1.0.0.beta3
- machinist: 
    version: 1.0.6
- thor: 
    version: 0.13.8
- railties: 
    version: 3.0.0.beta3
- rails: 
    version: 3.0.0.beta3
- sqlite3-ruby: 
    version: 1.2.5
dependencies: 
  rails: 
    version: = 3.0.0.beta3
    group: 
    - :default
  devise: 
    version: = 1.1.rc1
    group: 
    - :default
  bcrypt-ruby: 
    version: ">= 0"
    group: 
    - :default
    require: 
    - bcrypt
  sqlite3-ruby: 
    version: = 1.2.5
    group: 
    - :default
    require: 
    - sqlite3
  enumerated_attribute: 
    version: ">= 0"
    group: 
    - :default
  formtastic: 
    version: = 1.0.0.beta3
    group: 
    - :default
  machinist: 
    version: ">= 0"
    group: 
    - :test
  faker: 
    version: ">= 0"
    group: 
    - :test
